
Microsoft Visual Studio Solution File, Format Version 12.00
# Visual Studio Version 17
VisualStudioVersion = 17.3.32819.101
MinimumVisualStudioVersion = 10.0.40219.1
Project("{FAE04EC0-301F-11D3-BF4B-00C04F79EFBC}") = "YBiExtractor", "YBiExtractor\YBiExtractor.csproj", "{D5C340E7-E50F-423C-AB08-743D737C1F06}"
EndProject
Global
	GlobalSection(SolutionConfigurationPlatforms) = preSolution
		Debug|Any CPU = Debug|Any CPU
		Release|Any CPU = Release|Any CPU
	EndGlobalSection
	GlobalSection(ProjectConfigurationPlatforms) = postSolution
		{D5C340E7-E50F-423C-AB08-743D737C1F06}.Debug|Any CPU.ActiveCfg = Debug|Any CPU
		{D5C340E7-E50F-423C-AB08-743D737C1F06}.Debug|Any CPU.Build.0 = Debug|Any CPU
		{D5C340E7-E50F-423C-AB08-743D737C1F06}.Release|Any CPU.ActiveCfg = Release|Any CPU
		{D5C340E7-E50F-423C-AB08-743D737C1F06}.Release|Any CPU.Build.0 = Release|Any CPU
	EndGlobalSection
	GlobalSection(SolutionProperties) = preSolution
		HideSolutionNode = FALSE
	EndGlobalSection
	GlobalSection(ExtensibilityGlobals) = postSolution
		SolutionGuid = {311DF1C9-BE1F-4881-B8FB-04A5D53050F5}
	EndGlobalSection
EndGlobal
